// !$*UTF8*$!
{
	archiveVersion = 1;
	classes = {
	};
	objectVersion = 77;
	objects = {

/* Begin PBXBuildFile section */
		453C1A5358FEFF9010316D2C /* Pods_tryTests.framework in Frameworks */ = {isa = PBXBuildFile; fileRef = 0C13BF1D85EA8EF5C36BA42B /* Pods_tryTests.framework */; };
		C064861F1BD519444B6A2C5A /* Pods_try.framework in Frameworks */ = {isa = PBXBuildFile; fileRef = DB268FC7197382D91FED1706 /* Pods_try.framework */; };
		F45A294BB9832F86B2D1D1E2 /* Pods_try_tryUITests.framework in Frameworks */ = {isa = PBXBuildFile; fileRef = E7DFC203920D36374B8D1B2A /* Pods_try_tryUITests.framework */; };
/* End PBXBuildFile section */

/* Begin PBXContainerItemProxy section */
		B8486EE62EDF4028005C0DB5 /* PBXContainerItemProxy */ = {
			isa = PBXContainerItemProxy;
			containerPortal = B8486EC72EDF4027005C0DB5 /* Project object */;
			proxyType = 1;
			remoteGlobalIDString = B8486ECE2EDF4027005C0DB5;
			remoteInfo = try;
		};
		B8486EF02EDF4028005C0DB5 /* PBXContainerItemProxy */ = {
			isa = PBXContainerItemProxy;
			containerPortal = B8486EC72EDF4027005C0DB5 /* Project object */;
			proxyType = 1;
			remoteGlobalIDString = B8486ECE2EDF4027005C0DB5;
			remoteInfo = try;
		};
/* End PBXContainerItemProxy section */

/* Begin PBXFileReference section */
		0AA1C3EAD421B3CA43A091D8 /* Pods-tryTests.debug.xcconfig */ = {isa = PBXFileReference; includeInIndex = 1; lastKnownFileType = text.xcconfig; name = "Pods-tryTests.debug.xcconfig"; path = "Target Support Files/Pods-tryTests/Pods-tryTests.debug.xcconfig"; sourceTree = "<group>"; };
		0C13BF1D85EA8EF5C36BA42B /* Pods_tryTests.framework */ = {isa = PBXFileReference; explicitFileType = wrapper.framework; includeInIndex = 0; path = Pods_tryTests.framework; sourceTree = BUILT_PRODUCTS_DIR; };
		442E75C8B6D621E5CAC7B2A8 /* Pods-try.debug.xcconfig */ = {isa = PBXFileReference; includeInIndex = 1; lastKnownFileType = text.xcconfig; name = "Pods-try.debug.xcconfig"; path = "Target Support Files/Pods-try/Pods-try.debug.xcconfig"; sourceTree = "<group>"; };
		7F8222D38D2A001DB6828337 /* Pods-try.release.xcconfig */ = {isa = PBXFileReference; includeInIndex = 1; lastKnownFileType = text.xcconfig; name = "Pods-try.release.xcconfig"; path = "Target Support Files/Pods-try/Pods-try.release.xcconfig"; sourceTree = "<group>"; };
		8CF99BC444E482FDA88DAAFC /* Pods-try-tryUITests.release.xcconfig */ = {isa = PBXFileReference; includeInIndex = 1; lastKnownFileType = text.xcconfig; name = "Pods-try-tryUITests.release.xcconfig"; path = "Target Support Files/Pods-try-tryUITests/Pods-try-tryUITests.release.xcconfig"; sourceTree = "<group>"; };
		A9ABE3AD0035C05821F55CC3 /* Pods-tryTests.release.xcconfig */ = {isa = PBXFileReference; includeInIndex = 1; lastKnownFileType = text.xcconfig; name = "Pods-tryTests.release.xcconfig"; path = "Target Support Files/Pods-tryTests/Pods-tryTests.release.xcconfig"; sourceTree = "<group>"; };
		B8486ECF2EDF4027005C0DB5 /* TodayView.app */ = {isa = PBXFileReference; explicitFileType = wrapper.application; includeInIndex = 0; path = TodayView.app; sourceTree = BUILT_PRODUCTS_DIR; };
		B8486EE52EDF4028005C0DB5 /* TodayViewTests.xctest */ = {isa = PBXFileReference; explicitFileType = wrapper.cfbundle; includeInIndex = 0; path = TodayViewTests.xctest; sourceTree = BUILT_PRODUCTS_DIR; };
		B8486EEF2EDF4028005C0DB5 /* TodayViewUITests.xctest */ = {isa = PBXFileReference; explicitFileType = wrapper.cfbundle; includeInIndex = 0; path = TodayViewUITests.xctest; sourceTree = BUILT_PRODUCTS_DIR; };
		DB268FC7197382D91FED1706 /* Pods_try.framework */ = {isa = PBXFileReference; explicitFileType = wrapper.framework; includeInIndex = 0; path = Pods_try.framework; sourceTree = BUILT_PRODUCTS_DIR; };
		E7DFC203920D36374B8D1B2A /* Pods_try_tryUITests.framework */ = {isa = PBXFileReference; explicitFileType = wrapper.framework; includeInIndex = 0; path = Pods_try_tryUITests.framework; sourceTree = BUILT_PRODUCTS_DIR; };
		F267AE8D33B74608529F960E /* Pods-try-tryUITests.debug.xcconfig */ = {isa = PBXFileReference; includeInIndex = 1; lastKnownFileType = text.xcconfig; name = "Pods-try-tryUITests.debug.xcconfig"; path = "Target Support Files/Pods-try-tryUITests/Pods-try-tryUITests.debug.xcconfig"; sourceTree = "<group>"; };
/* End PBXFileReference section */

/* Begin PBXFileSystemSynchronizedRootGroup section */
		B8486ED12EDF4027005C0DB5 /* TodayView */ = {
			isa = PBXFileSystemSynchronizedRootGroup;
			path = TodayView;
			sourceTree = "<group>";
		};
		B8486EE82EDF4028005C0DB5 /* TodayViewTests */ = {
			isa = PBXFileSystemSynchronizedRootGroup;
			path = TodayViewTests;
			sourceTree = "<group>";
		};
		B8486EF22EDF4028005C0DB5 /* TodayViewUITests */ = {
			isa = PBXFileSystemSynchronizedRootGroup;
			path = TodayViewUITests;
			sourceTree = "<group>";
		};
/* End PBXFileSystemSynchronizedRootGroup section */

/* Begin PBXFrameworksBuildPhase section */
		B8486ECC2EDF4027005C0DB5 /* Frameworks */ = {
			isa = PBXFrameworksBuildPhase;
			buildActionMask = 2147483647;
			files = (
				C064861F1BD519444B6A2C5A /* Pods_try.framework in Frameworks */,
			);
			runOnlyForDeploymentPostprocessing = 0;
		};
		B8486EE22EDF4028005C0DB5 /* Frameworks */ = {
			isa = PBXFrameworksBuildPhase;
			buildActionMask = 2147483647;
			files = (
				453C1A5358FEFF9010316D2C /* Pods_tryTests.framework in Frameworks */,
			);
			runOnlyForDeploymentPostprocessing = 0;
		};
		B8486EEC2EDF4028005C0DB5 /* Frameworks */ = {
			isa = PBXFrameworksBuildPhase;
			buildActionMask = 2147483647;
			files = (
				F45A294BB9832F86B2D1D1E2 /* Pods_try_tryUITests.framework in Frameworks */,
			);
			runOnlyForDeploymentPostprocessing = 0;
		};
/* End PBXFrameworksBuildPhase section */

/* Begin PBXGroup section */
		3AA790924E7203AE9AD1DA8B /* Frameworks */ = {
			isa = PBXGroup;
			children = (
				DB268FC7197382D91FED1706 /* Pods_try.framework */,
				E7DFC203920D36374B8D1B2A /* Pods_try_tryUITests.framework */,
				0C13BF1D85EA8EF5C36BA42B /* Pods_tryTests.framework */,
			);
			name = Frameworks;
			sourceTree = "<group>";
		};
		4543923814F1616B02C990B6 /* Pods */ = {
			isa = PBXGroup;
			children = (
				442E75C8B6D621E5CAC7B2A8 /* Pods-try.debug.xcconfig */,
				7F8222D38D2A001DB6828337 /* Pods-try.release.xcconfig */,
				F267AE8D33B74608529F960E /* Pods-try-tryUITests.debug.xcconfig */,
				8CF99BC444E482FDA88DAAFC /* Pods-try-tryUITests.release.xcconfig */,
				0AA1C3EAD421B3CA43A091D8 /* Pods-tryTests.debug.xcconfig */,
				A9ABE3AD0035C05821F55CC3 /* Pods-tryTests.release.xcconfig */,
			);
			path = Pods;
			sourceTree = "<group>";
		};
		B8486EC62EDF4027005C0DB5 = {
			isa = PBXGroup;
			children = (
				B8486ED12EDF4027005C0DB5 /* TodayView */,
				B8486EE82EDF4028005C0DB5 /* TodayViewTests */,
				B8486EF22EDF4028005C0DB5 /* TodayViewUITests */,
				B8486ED02EDF4027005C0DB5 /* Products */,
				4543923814F1616B02C990B6 /* Pods */,
				3AA790924E7203AE9AD1DA8B /* Frameworks */,
			);
			sourceTree = "<group>";
		};
		B8486ED02EDF4027005C0DB5 /* Products */ = {
			isa = PBXGroup;
			children = (
				B8486ECF2EDF4027005C0DB5 /* TodayView.app */,
				B8486EE52EDF4028005C0DB5 /* TodayViewTests.xctest */,
				B8486EEF2EDF4028005C0DB5 /* TodayViewUITests.xctest */,
			);
			name = Products;
			sourceTree = "<group>";
		};
/* End PBXGroup section */

/* Begin PBXNativeTarget section */
		B8486ECE2EDF4027005C0DB5 /* TodayView */ = {
			isa = PBXNativeTarget;
			buildConfigurationList = B8486EF82EDF4028005C0DB5 /* Build configuration list for PBXNativeTarget "TodayView" */;
			buildPhases = (
				2632455913F09F845303A24F /* [CP] Check Pods Manifest.lock */,
				B8486ECB2EDF4027005C0DB5 /* Sources */,
				B8486ECC2EDF4027005C0DB5 /* Frameworks */,
				B8486ECD2EDF4027005C0DB5 /* Resources */,
				2FFAA9172F1BE19FCD782BB7 /* [CP] Embed Pods Frameworks */,
			);
			buildRules = (
			);
			dependencies = (
			);
			fileSystemSynchronizedGroups = (
				B8486ED12EDF4027005C0DB5 /* TodayView */,
			);
			name = TodayView;
			productName = try;
			productReference = B8486ECF2EDF4027005C0DB5 /* TodayView.app */;
			productType = "com.apple.product-type.application";
		};
		B8486EE42EDF4028005C0DB5 /* TodayViewTests */ = {
			isa = PBXNativeTarget;
			buildConfigurationList = B8486EFD2EDF4028005C0DB5 /* Build configuration list for PBXNativeTarget "TodayViewTests" */;
			buildPhases = (
				D2C628BE94B4833E049A7516 /* [CP] Check Pods Manifest.lock */,
				B8486EE12EDF4028005C0DB5 /* Sources */,
				B8486EE22EDF4028005C0DB5 /* Frameworks */,
				B8486EE32EDF4028005C0DB5 /* Resources */,
			);
			buildRules = (
			);
			dependencies = (
				B8486EE72EDF4028005C0DB5 /* PBXTargetDependency */,
			);
			fileSystemSynchronizedGroups = (
				B8486EE82EDF4028005C0DB5 /* TodayViewTests */,
			);
			name = TodayViewTests;
			productName = tryTests;
			productReference = B8486EE52EDF4028005C0DB5 /* TodayViewTests.xctest */;
			productType = "com.apple.product-type.bundle.unit-test";
		};
		B8486EEE2EDF4028005C0DB5 /* TodayViewUITests */ = {
			isa = PBXNativeTarget;
			buildConfigurationList = B8486F002EDF4028005C0DB5 /* Build configuration list for PBXNativeTarget "TodayViewUITests" */;
			buildPhases = (
				E46C158729F7441CFBB97215 /* [CP] Check Pods Manifest.lock */,
				B8486EEB2EDF4028005C0DB5 /* Sources */,
				B8486EEC2EDF4028005C0DB5 /* Frameworks */,
				B8486EED2EDF4028005C0DB5 /* Resources */,
				FE0F924FD0B99D2EC15BC283 /* [CP] Embed Pods Frameworks */,
			);
			buildRules = (
			);
			dependencies = (
				B8486EF12EDF4028005C0DB5 /* PBXTargetDependency */,
			);
			fileSystemSynchronizedGroups = (
				B8486EF22EDF4028005C0DB5 /* TodayViewUITests */,
			);
			name = TodayViewUITests;
			productName = tryUITests;
			productReference = B8486EEF2EDF4028005C0DB5 /* TodayViewUITests.xctest */;
			productType = "com.apple.product-type.bundle.ui-testing";
		};
/* End PBXNativeTarget section */

/* Begin PBXProject section */
		B8486EC72EDF4027005C0DB5 /* Project object */ = {
			isa = PBXProject;
			attributes = {
				BuildIndependentTargetsInParallel = 1;
				LastSwiftUpdateCheck = 1640;
				LastUpgradeCheck = 1640;
				TargetAttributes = {
					B8486ECE2EDF4027005C0DB5 = {
						CreatedOnToolsVersion = 16.4;
					};
					B8486EE42EDF4028005C0DB5 = {
						CreatedOnToolsVersion = 16.4;
						TestTargetID = B8486ECE2EDF4027005C0DB5;
					};
					B8486EEE2EDF4028005C0DB5 = {
						CreatedOnToolsVersion = 16.4;
						TestTargetID = B8486ECE2EDF4027005C0DB5;
					};
				};
			};
			buildConfigurationList = B8486ECA2EDF4027005C0DB5 /* Build configuration list for PBXProject "TodayView" */;
			developmentRegion = en;
			hasScannedForEncodings = 0;
			knownRegions = (
				en,
				Base,
			);
			mainGroup = B8486EC62EDF4027005C0DB5;
			minimizedProjectReferenceProxies = 1;
			preferredProjectObjectVersion = 77;
			productRefGroup = B8486ED02EDF4027005C0DB5 /* Products */;
			projectDirPath = "";
			projectRoot = "";
			targets = (
				B8486ECE2EDF4027005C0DB5 /* TodayView */,
				B8486EE42EDF4028005C0DB5 /* TodayViewTests */,
				B8486EEE2EDF4028005C0DB5 /* TodayViewUITests */,
			);
		};
/* End PBXProject section */

/* Begin PBXResourcesBuildPhase section */
		B8486ECD2EDF4027005C0DB5 /* Resources */ = {
			isa = PBXResourcesBuildPhase;
			buildActionMask = 2147483647;
			files = (
			);
			runOnlyForDeploymentPostprocessing = 0;
		};
		B8486EE32EDF4028005C0DB5 /* Resources */ = {
			isa = PBXResourcesBuildPhase;
			buildActionMask = 2147483647;
			files = (
			);
			runOnlyForDeploymentPostprocessing = 0;
		};
		B8486EED2EDF4028005C0DB5 /* Resources */ = {
			isa = PBXResourcesBuildPhase;
			buildActionMask = 2147483647;
			files = (
			);
			runOnlyForDeploymentPostprocessing = 0;
		};
/* End PBXResourcesBuildPhase section */

/* Begin PBXShellScriptBuildPhase section */
		2632455913F09F845303A24F /* [CP] Check Pods Manifest.lock */ = {
			isa = PBXShellScriptBuildPhase;
			buildActionMask = 2147483647;
			files = (
			);
			inputFileListPaths = (
			);
			inputPaths = (
				"${PODS_PODFILE_DIR_PATH}/Podfile.lock",
				"${PODS_ROOT}/Manifest.lock",
			);
			name = "[CP] Check Pods Manifest.lock";
			outputFileListPaths = (
			);
			outputPaths = (
				"$(DERIVED_FILE_DIR)/Pods-try-checkManifestLockResult.txt",
			);
			runOnlyForDeploymentPostprocessing = 0;
			shellPath = /bin/sh;
			shellScript = "diff \"${PODS_PODFILE_DIR_PATH}/Podfile.lock\" \"${PODS_ROOT}/Manifest.lock\" > /dev/null\nif [ $? != 0 ] ; then\n    # print error to STDERR\n    echo \"error: The sandbox is not in sync with the Podfile.lock. Run 'pod install' or update your CocoaPods installation.\" >&2\n    exit 1\nfi\n# This output is used by Xcode 'outputs' to avoid re-running this script phase.\necho \"SUCCESS\" > \"${SCRIPT_OUTPUT_FILE_0}\"\n";
			showEnvVarsInLog = 0;
		};
		2FFAA9172F1BE19FCD782BB7 /* [CP] Embed Pods Frameworks */ = {
			isa = PBXShellScriptBuildPhase;
			buildActionMask = 2147483647;
			files = (
			);
			inputFileListPaths = (
				"${PODS_ROOT}/Target Support Files/Pods-try/Pods-try-frameworks-${CONFIGURATION}-input-files.xcfilelist",
			);
			inputPaths = (
			);
			name = "[CP] Embed Pods Frameworks";
			outputFileListPaths = (
				"${PODS_ROOT}/Target Support Files/Pods-try/Pods-try-frameworks-${CONFIGURATION}-output-files.xcfilelist",
			);
			outputPaths = (
			);
			runOnlyForDeploymentPostprocessing = 0;
			shellPath = /bin/sh;
			shellScript = "\"${PODS_ROOT}/Target Support Files/Pods-try/Pods-try-frameworks.sh\"\n";
			showEnvVarsInLog = 0;
		};
		D2C628BE94B4833E049A7516 /* [CP] Check Pods Manifest.lock */ = {
			isa = PBXShellScriptBuildPhase;
			buildActionMask = 2147483647;
			files = (
			);
			inputFileListPaths = (
			);
			inputPaths = (
				"${PODS_PODFILE_DIR_PATH}/Podfile.lock",
				"${PODS_ROOT}/Manifest.lock",
			);
			name = "[CP] Check Pods Manifest.lock";
			outputFileListPaths = (
			);
			outputPaths = (
				"$(DERIVED_FILE_DIR)/Pods-tryTests-checkManifestLockResult.txt",
			);
			runOnlyForDeploymentPostprocessing = 0;
			shellPath = /bin/sh;
			shellScript = "diff \"${PODS_PODFILE_DIR_PATH}/Podfile.lock\" \"${PODS_ROOT}/Manifest.lock\" > /dev/null\nif [ $? != 0 ] ; then\n    # print error to STDERR\n    echo \"error: The sandbox is not in sync with the Podfile.lock. Run 'pod install' or update your CocoaPods installation.\" >&2\n    exit 1\nfi\n# This output is used by Xcode 'outputs' to avoid re-running this script phase.\necho \"SUCCESS\" > \"${SCRIPT_OUTPUT_FILE_0}\"\n";
			showEnvVarsInLog = 0;
		};
		E46C158729F7441CFBB97215 /* [CP] Check Pods Manifest.lock */ = {
			isa = PBXShellScriptBuildPhase;
			buildActionMask = 2147483647;
			files = (
			);
			inputFileListPaths = (
			);
			inputPaths = (
				"${PODS_PODFILE_DIR_PATH}/Podfile.lock",
				"${PODS_ROOT}/Manifest.lock",
			);
			name = "[CP] Check Pods Manifest.lock";
			outputFileListPaths = (
			);
			outputPaths = (
				"$(DERIVED_FILE_DIR)/Pods-try-tryUITests-checkManifestLockResult.txt",
			);
			runOnlyForDeploymentPostprocessing = 0;
			shellPath = /bin/sh;
			shellScript = "diff \"${PODS_PODFILE_DIR_PATH}/Podfile.lock\" \"${PODS_ROOT}/Manifest.lock\" > /dev/null\nif [ $? != 0 ] ; then\n    # print error to STDERR\n    echo \"error: The sandbox is not in sync with the Podfile.lock. Run 'pod install' or update your CocoaPods installation.\" >&2\n    exit 1\nfi\n# This output is used by Xcode 'outputs' to avoid re-running this script phase.\necho \"SUCCESS\" > \"${SCRIPT_OUTPUT_FILE_0}\"\n";
			showEnvVarsInLog = 0;
		};
		FE0F924FD0B99D2EC15BC283 /* [CP] Embed Pods Frameworks */ = {
			isa = PBXShellScriptBuildPhase;
			buildActionMask = 2147483647;
			files = (
			);
			inputFileListPaths = (
				"${PODS_ROOT}/Target Support Files/Pods-try-tryUITests/Pods-try-tryUITests-frameworks-${CONFIGURATION}-input-files.xcfilelist",
			);
			inputPaths = (
			);
			name = "[CP] Embed Pods Frameworks";
			outputFileListPaths = (
				"${PODS_ROOT}/Target Support Files/Pods-try-tryUITests/Pods-try-tryUITests-frameworks-${CONFIGURATION}-output-files.xcfilelist",
			);
			outputPaths = (
			);
			runOnlyForDeploymentPostprocessing = 0;
			shellPath = /bin/sh;
			shellScript = "\"${PODS_ROOT}/Target Support Files/Pods-try-tryUITests/Pods-try-tryUITests-frameworks.sh\"\n";
			showEnvVarsInLog = 0;
		};
/* End PBXShellScriptBuildPhase section */

/* Begin PBXSourcesBuildPhase section */
		B8486ECB2EDF4027005C0DB5 /* Sources */ = {
			isa = PBXSourcesBuildPhase;
			buildActionMask = 2147483647;
			files = (
			);
			runOnlyForDeploymentPostprocessing = 0;
		};
		B8486EE12EDF4028005C0DB5 /* Sources */ = {
			isa = PBXSourcesBuildPhase;
			buildActionMask = 2147483647;
			files = (
			);
			runOnlyForDeploymentPostprocessing = 0;
		};
		B8486EEB2EDF4028005C0DB5 /* Sources */ = {
			isa = PBXSourcesBuildPhase;
			buildActionMask = 2147483647;
			files = (
			);
			runOnlyForDeploymentPostprocessing = 0;
		};
/* End PBXSourcesBuildPhase section */

/* Begin PBXTargetDependency section */
		B8486EE72EDF4028005C0DB5 /* PBXTargetDependency */ = {
			isa = PBXTargetDependency;
			target = B8486ECE2EDF4027005C0DB5 /* TodayView */;
			targetProxy = B8486EE62EDF4028005C0DB5 /* PBXContainerItemProxy */;
		};
		B8486EF12EDF4028005C0DB5 /* PBXTargetDependency */ = {
			isa = PBXTargetDependency;
			target = B8486ECE2EDF4027005C0DB5 /* TodayView */;
			targetProxy = B8486EF02EDF4028005C0DB5 /* PBXContainerItemProxy */;
		};
/* End PBXTargetDependency section */

/* Begin XCBuildConfiguration section */
		B8486EF92EDF4028005C0DB5 /* Debug */ = {
			isa = XCBuildConfiguration;
			baseConfigurationReference = 442E75C8B6D621E5CAC7B2A8 /* Pods-try.debug.xcconfig */;
			buildSettings = {
				ASSETCATALOG_COMPILER_APPICON_NAME = AppIcon;
				ASSETCATALOG_COMPILER_GLOBAL_ACCENT_COLOR_NAME = AccentColor;
				CODE_SIGN_STYLE = Automatic;
				CURRENT_PROJECT_VERSION = 1;
				ENABLE_USER_SCRIPT_SANDBOXING = NO;
				GENERATE_INFOPLIST_FILE = YES;
				INFOPLIST_FILE = try/Info.plist;
				INFOPLIST_KEY_UIApplicationSupportsIndirectInputEvents = YES;
				INFOPLIST_KEY_UILaunchStoryboardName = LaunchScreen;
				INFOPLIST_KEY_UIMainStoryboardFile = Main;
				INFOPLIST_KEY_UISupportedInterfaceOrientations_iPad = "UIInterfaceOrientationPortrait UIInterfaceOrientationPortraitUpsideDown UIInterfaceOrientationLandscapeLeft UIInterfaceOrientationLandscapeRight";
				INFOPLIST_KEY_UISupportedInterfaceOrientations_iPhone = "UIInterfaceOrientationPortrait UIInterfaceOrientationLandscapeLeft UIInterfaceOrientationLandscapeRight";
				LD_RUNPATH_SEARCH_PATHS = (
					"$(inherited)",
					"@executable_path/Frameworks",
				);
				MARKETING_VERSION = 1.0;
				PRODUCT_BUNDLE_IDENTIFIER = com.yu.try;
				PRODUCT_NAME = "$(TARGET_NAME)";
				SWIFT_EMIT_LOC_STRINGS = YES;
				SWIFT_VERSION = 5.0;
				TARGETED_DEVICE_FAMILY = "1,2";
			};
			name = Debug;
		};
		B8486EFA2EDF4028005C0DB5 /* Release */ = {
			isa = XCBuildConfiguration;
			baseConfigurationReference = 7F8222D38D2A001DB6828337 /* Pods-try.release.xcconfig */;
			buildSettings = {
				ASSETCATALOG_COMPILER_APPICON_NAME = AppIcon;
				ASSETCATALOG_COMPILER_GLOBAL_ACCENT_COLOR_NAME = AccentColor;
				CODE_SIGN_STYLE = Automatic;
				CURRENT_PROJECT_VERSION = 1;
				ENABLE_USER_SCRIPT_SANDBOXING = NO;
				GENERATE_INFOPLIST_FILE = YES;
				INFOPLIST_FILE = try/Info.plist;
				INFOPLIST_KEY_UIApplicationSupportsIndirectInputEvents = YES;
				INFOPLIST_KEY_UILaunchStoryboardName = LaunchScreen;
				INFOPLIST_KEY_UIMainStoryboardFile = Main;
				INFOPLIST_KEY_UISupportedInterfaceOrientations_iPad = "UIInterfaceOrientationPortrait UIInterfaceOrientationPortraitUpsideDown UIInterfaceOrientationLandscapeLeft UIInterfaceOrientationLandscapeRight";
				INFOPLIST_KEY_UISupportedInterfaceOrientations_iPhone = "UIInterfaceOrientationPortrait UIInterfaceOrientationLandscapeLeft UIInterfaceOrientationLandscapeRight";
				LD_RUNPATH_SEARCH_PATHS = (
					"$(inherited)",
					"@executable_path/Frameworks",
				);
				MARKETING_VERSION = 1.0;
				PRODUCT_BUNDLE_IDENTIFIER = com.yu.try;
				PRODUCT_NAME = "$(TARGET_NAME)";
				SWIFT_EMIT_LOC_STRINGS = YES;
				SWIFT_VERSION = 5.0;
				TARGETED_DEVICE_FAMILY = "1,2";
			};
			name = Release;
		};
		B8486EFB2EDF4028005C0DB5 /* Debug */ = {
			isa = XCBuildConfiguration;
			buildSettings = {
				ALWAYS_SEARCH_USER_PATHS = NO;
				ASSETCATALOG_COMPILER_GENERATE_SWIFT_ASSET_SYMBOL_EXTENSIONS = YES;
				CLANG_ANALYZER_NONNULL = YES;
				CLANG_ANALYZER_NUMBER_OBJECT_CONVERSION = YES_AGGRESSIVE;
				CLANG_CXX_LANGUAGE_STANDARD = "gnu++20";
				CLANG_ENABLE_MODULES = YES;
				CLANG_ENABLE_OBJC_ARC = YES;
				CLANG_ENABLE_OBJC_WEAK = YES;
				CLANG_WARN_BLOCK_CAPTURE_AUTORELEASING = YES;
				CLANG_WARN_BOOL_CONVERSION = YES;
				CLANG_WARN_COMMA = YES;
				CLANG_WARN_CONSTANT_CONVERSION = YES;
				CLANG_WARN_DEPRECATED_OBJC_IMPLEMENTATIONS = YES;
				CLANG_WARN_DIRECT_OBJC_ISA_USAGE = YES_ERROR;
				CLANG_WARN_DOCUMENTATION_COMMENTS = YES;
				CLANG_WARN_EMPTY_BODY = YES;
				CLANG_WARN_ENUM_CONVERSION = YES;
				CLANG_WARN_INFINITE_RECURSION = YES;
				CLANG_WARN_INT_CONVERSION = YES;
				CLANG_WARN_NON_LITERAL_NULL_CONVERSION = YES;
				CLANG_WARN_OBJC_IMPLICIT_RETAIN_SELF = YES;
				CLANG_WARN_OBJC_LITERAL_CONVERSION = YES;
				CLANG_WARN_OBJC_ROOT_CLASS = YES_ERROR;
				CLANG_WARN_QUOTED_INCLUDE_IN_FRAMEWORK_HEADER = YES;
				CLANG_WARN_RANGE_LOOP_ANALYSIS = YES;
				CLANG_WARN_STRICT_PROTOTYPES = YES;
				CLANG_WARN_SUSPICIOUS_MOVE = YES;
				CLANG_WARN_UNGUARDED_AVAILABILITY = YES_AGGRESSIVE;
				CLANG_WARN_UNREACHABLE_CODE = YES;
				CLANG_WARN__DUPLICATE_METHOD_MATCH = YES;
				COPY_PHASE_STRIP = NO;
				DEBUG_INFORMATION_FORMAT = dwarf;
				ENABLE_STRICT_OBJC_MSGSEND = YES;
				ENABLE_TESTABILITY = YES;
				ENABLE_USER_SCRIPT_SANDBOXING = YES;
				GCC_C_LANGUAGE_STANDARD = gnu17;
				GCC_DYNAMIC_NO_PIC = NO;
				GCC_NO_COMMON_BLOCKS = YES;
				GCC_OPTIMIZATION_LEVEL = 0;
				GCC_PREPROCESSOR_DEFINITIONS = (
					"DEBUG=1",
					"$(inherited)",
				);
				GCC_WARN_64_TO_32_BIT_CONVERSION = YES;
				GCC_WARN_ABOUT_RETURN_TYPE = YES_ERROR;
				GCC_WARN_UNDECLARED_SELECTOR = YES;
				GCC_WARN_UNINITIALIZED_AUTOS = YES_AGGRESSIVE;
				GCC_WARN_UNUSED_FUNCTION = YES;
				GCC_WARN_UNUSED_VARIABLE = YES;
				IPHONEOS_DEPLOYMENT_TARGET = 18.5;
				LOCALIZATION_PREFERS_STRING_CATALOGS = YES;
				MTL_ENABLE_DEBUG_INFO = INCLUDE_SOURCE;
				MTL_FAST_MATH = YES;
				ONLY_ACTIVE_ARCH = YES;
				SDKROOT = iphoneos;
				SWIFT_ACTIVE_COMPILATION_CONDITIONS = "DEBUG $(inherited)";
				SWIFT_OPTIMIZATION_LEVEL = "-Onone";
			};
			name = Debug;
		};
		B8486EFC2EDF4028005C0DB5 /* Release */ = {
			isa = XCBuildConfiguration;
			buildSettings = {
				ALWAYS_SEARCH_USER_PATHS = NO;
				ASSETCATALOG_COMPILER_GENERATE_SWIFT_ASSET_SYMBOL_EXTENSIONS = YES;
				CLANG_ANALYZER_NONNULL = YES;
				CLANG_ANALYZER_NUMBER_OBJECT_CONVERSION = YES_AGGRESSIVE;
				CLANG_CXX_LANGUAGE_STANDARD = "gnu++20";
				CLANG_ENABLE_MODULES = YES;
				CLANG_ENABLE_OBJC_ARC = YES;
				CLANG_ENABLE_OBJC_WEAK = YES;
				CLANG_WARN_BLOCK_CAPTURE_AUTORELEASING = YES;
				CLANG_WARN_BOOL_CONVERSION = YES;
				CLANG_WARN_COMMA = YES;
				CLANG_WARN_CONSTANT_CONVERSION = YES;
				CLANG_WARN_DEPRECATED_OBJC_IMPLEMENTATIONS = YES;
				CLANG_WARN_DIRECT_OBJC_ISA_USAGE = YES_ERROR;
				CLANG_WARN_DOCUMENTATION_COMMENTS = YES;
				CLANG_WARN_EMPTY_BODY = YES;
				CLANG_WARN_ENUM_CONVERSION = YES;
				CLANG_WARN_INFINITE_RECURSION = YES;
				CLANG_WARN_INT_CONVERSION = YES;
				CLANG_WARN_NON_LITERAL_NULL_CONVERSION = YES;
				CLANG_WARN_OBJC_IMPLICIT_RETAIN_SELF = YES;
				CLANG_WARN_OBJC_LITERAL_CONVERSION = YES;
				CLANG_WARN_OBJC_ROOT_CLASS = YES_ERROR;
				CLANG_WARN_QUOTED_INCLUDE_IN_FRAMEWORK_HEADER = YES;
				CLANG_WARN_RANGE_LOOP_ANALYSIS = YES;
				CLANG_WARN_STRICT_PROTOTYPES = YES;
				CLANG_WARN_SUSPICIOUS_MOVE = YES;
				CLANG_WARN_UNGUARDED_AVAILABILITY = YES_AGGRESSIVE;
				CLANG_WARN_UNREACHABLE_CODE = YES;
				CLANG_WARN__DUPLICATE_METHOD_MATCH = YES;
				COPY_PHASE_STRIP = NO;
				DEBUG_INFORMATION_FORMAT = "dwarf-with-dsym";
				ENABLE_NS_ASSERTIONS = NO;
				ENABLE_STRICT_OBJC_MSGSEND = YES;
				ENABLE_USER_SCRIPT_SANDBOXING = YES;
				GCC_C_LANGUAGE_STANDARD = gnu17;
				GCC_NO_COMMON_BLOCKS = YES;
				GCC_WARN_64_TO_32_BIT_CONVERSION = YES;
				GCC_WARN_ABOUT_RETURN_TYPE = YES_ERROR;
				GCC_WARN_UNDECLARED_SELECTOR = YES;
				GCC_WARN_UNINITIALIZED_AUTOS = YES_AGGRESSIVE;
				GCC_WARN_UNUSED_FUNCTION = YES;
				GCC_WARN_UNUSED_VARIABLE = YES;
				IPHONEOS_DEPLOYMENT_TARGET = 18.5;
				LOCALIZATION_PREFERS_STRING_CATALOGS = YES;
				MTL_ENABLE_DEBUG_INFO = NO;
				MTL_FAST_MATH = YES;
				SDKROOT = iphoneos;
				SWIFT_COMPILATION_MODE = wholemodule;
				VALIDATE_PRODUCT = YES;
			};
			name = Release;
		};
		B8486EFE2EDF4028005C0DB5 /* Debug */ = {
			isa = XCBuildConfiguration;
			baseConfigurationReference = 0AA1C3EAD421B3CA43A091D8 /* Pods-tryTests.debug.xcconfig */;
			buildSettings = {
				BUNDLE_LOADER = "$(TEST_HOST)";
				CODE_SIGN_STYLE = Automatic;
				CURRENT_PROJECT_VERSION = 1;
				GENERATE_INFOPLIST_FILE = YES;
				IPHONEOS_DEPLOYMENT_TARGET = 18.5;
				MARKETING_VERSION = 1.0;
				PRODUCT_BUNDLE_IDENTIFIER = com.yu.tryTests;
				PRODUCT_NAME = "$(TARGET_NAME)";
				SWIFT_EMIT_LOC_STRINGS = NO;
				SWIFT_VERSION = 5.0;
				TARGETED_DEVICE_FAMILY = "1,2";
				TEST_HOST = "$(BUILT_PRODUCTS_DIR)/TodayView.app/$(BUNDLE_EXECUTABLE_FOLDER_PATH)/TodayView";
			};
			name = Debug;
		};
		B8486EFF2EDF4028005C0DB5 /* Release */ = {
			isa = XCBuildConfiguration;
			baseConfigurationReference = A9ABE3AD0035C05821F55CC3 /* Pods-tryTests.release.xcconfig */;
			buildSettings = {
				BUNDLE_LOADER = "$(TEST_HOST)";
				CODE_SIGN_STYLE = Automatic;
				CURRENT_PROJECT_VERSION = 1;
				GENERATE_INFOPLIST_FILE = YES;
				IPHONEOS_DEPLOYMENT_TARGET = 18.5;
				MARKETING_VERSION = 1.0;
				PRODUCT_BUNDLE_IDENTIFIER = com.yu.tryTests;
				PRODUCT_NAME = "$(TARGET_NAME)";
				SWIFT_EMIT_LOC_STRINGS = NO;
				SWIFT_VERSION = 5.0;
				TARGETED_DEVICE_FAMILY = "1,2";
				TEST_HOST = "$(BUILT_PRODUCTS_DIR)/TodayView.app/$(BUNDLE_EXECUTABLE_FOLDER_PATH)/TodayView";
			};
			name = Release;
		};
		B8486F012EDF4028005C0DB5 /* Debug */ = {
			isa = XCBuildConfiguration;
			baseConfigurationReference = F267AE8D33B74608529F960E /* Pods-try-tryUITests.debug.xcconfig */;
			buildSettings = {
				CODE_SIGN_STYLE = Automatic;
				CURRENT_PROJECT_VERSION = 1;
				GENERATE_INFOPLIST_FILE = YES;
				MARKETING_VERSION = 1.0;
				PRODUCT_BUNDLE_IDENTIFIER = com.yu.tryUITests;
				PRODUCT_NAME = "$(TARGET_NAME)";
				SWIFT_EMIT_LOC_STRINGS = NO;
				SWIFT_VERSION = 5.0;
				TARGETED_DEVICE_FAMILY = "1,2";
				TEST_TARGET_NAME = try;
			};
			name = Debug;
		};
		B8486F022EDF4028005C0DB5 /* Release */ = {
			isa = XCBuildConfiguration;
			baseConfigurationReference = 8CF99BC444E482FDA88DAAFC /* Pods-try-tryUITests.release.xcconfig */;
			buildSettings = {
				CODE_SIGN_STYLE = Automatic;
				CURRENT_PROJECT_VERSION = 1;
				GENERATE_INFOPLIST_FILE = YES;
				MARKETING_VERSION = 1.0;
				PRODUCT_BUNDLE_IDENTIFIER = com.yu.tryUITests;
				PRODUCT_NAME = "$(TARGET_NAME)";
				SWIFT_EMIT_LOC_STRINGS = NO;
				SWIFT_VERSION = 5.0;
				TARGETED_DEVICE_FAMILY = "1,2";
				TEST_TARGET_NAME = try;
			};
			name = Release;
		};
/* End XCBuildConfiguration section */

/* Begin XCConfigurationList section */
		B8486ECA2EDF4027005C0DB5 /* Build configuration list for PBXProject "TodayView" */ = {
			isa = XCConfigurationList;
			buildConfigurations = (
				B8486EFB2EDF4028005C0DB5 /* Debug */,
				B8486EFC2EDF4028005C0DB5 /* Release */,
			);
			defaultConfigurationIsVisible = 0;
			defaultConfigurationName = Release;
		};
		B8486EF82EDF4028005C0DB5 /* Build configuration list for PBXNativeTarget "TodayView" */ = {
			isa = XCConfigurationList;
			buildConfigurations = (
				B8486EF92EDF4028005C0DB5 /* Debug */,
				B8486EFA2EDF4028005C0DB5 /* Release */,
			);
			defaultConfigurationIsVisible = 0;
			defaultConfigurationName = Release;
		};
		B8486EFD2EDF4028005C0DB5 /* Build configuration list for PBXNativeTarget "TodayViewTests" */ = {
			isa = XCConfigurationList;
			buildConfigurations = (
				B8486EFE2EDF4028005C0DB5 /* Debug */,
				B8486EFF2EDF4028005C0DB5 /* Release */,
			);
			defaultConfigurationIsVisible = 0;
			defaultConfigurationName = Release;
		};
		B8486F002EDF4028005C0DB5 /* Build configuration list for PBXNativeTarget "TodayViewUITests" */ = {
			isa = XCConfigurationList;
			buildConfigurations = (
				B8486F012EDF4028005C0DB5 /* Debug */,
				B8486F022EDF4028005C0DB5 /* Release */,
			);
			defaultConfigurationIsVisible = 0;
			defaultConfigurationName = Release;
		};
/* End XCConfigurationList section */
	};
	rootObject = B8486EC72EDF4027005C0DB5 /* Project object */;
}
